
Microsoft Visual Studio Solution File, Format Version 12.00
# Visual Studio 2012
Project("{FAE04EC0-301F-11D3-BF4B-00C04F79EFBC}") = "BusinessLogicLayer", "BusinessLogic\BusinessLogicLayer.csproj", "{B53B3D0D-6DC0-46D1-A4A7-52DE953B0A46}"
	ProjectSection(ProjectDependencies) = postProject
		{56A72400-3AA4-452C-B11C-E38B69455CDC} = {56A72400-3AA4-452C-B11C-E38B69455CDC}
	EndProjectSection
EndProject
Project("{FAE04EC0-301F-11D3-BF4B-00C04F79EFBC}") = "DataAccessLayer", "DataAccessLayer\DataAccessLayer.csproj", "{56A72400-3AA4-452C-B11C-E38B69455CDC}"
EndProject
Project("{FAE04EC0-301F-11D3-BF4B-00C04F79EFBC}") = "StorageUnitTest", "StorageUnitTest\StorageUnitTest.csproj", "{6D72EDC5-68A2-4799-9409-23363B09FF6F}"
EndProject
Project("{FAE04EC0-301F-11D3-BF4B-00C04F79EFBC}") = "ShareIt", "ShareIt\ShareIt.csproj", "{3EC8BF9D-E9DF-4785-B61A-01969E3026BE}"
EndProject
Project("{FAE04EC0-301F-11D3-BF4B-00C04F79EFBC}") = "UserTest", "UserServiceTest\UserTest.csproj", "{F0BA728D-5314-4FF3-B6A6-6D04A4ED641D}"
EndProject
Project("{FAE04EC0-301F-11D3-BF4B-00C04F79EFBC}") = "ServiceTests", "ServiceTests\ServiceTests.csproj", "{C29255FF-AEB0-468E-9B1A-6905E2183AAB}"
EndProject
Project("{FAE04EC0-301F-11D3-BF4B-00C04F79EFBC}") = "BusinessLogicTests", "BusinessLogicTests\BusinessLogicTests.csproj", "{4752F88D-DD6D-45D0-A172-91195EADEEFF}"
EndProject
Project("{FAE04EC0-301F-11D3-BF4B-00C04F79EFBC}") = "TestClient", "TestClient\TestClient.csproj", "{DD6CB2BB-4CB0-44DE-9399-73B03415326E}"
	ProjectSection(ProjectDependencies) = postProject
		{3EC8BF9D-E9DF-4785-B61A-01969E3026BE} = {3EC8BF9D-E9DF-4785-B61A-01969E3026BE}
	EndProjectSection
EndProject
Project("{FAE04EC0-301F-11D3-BF4B-00C04F79EFBC}") = "Test", "Test\Test.csproj", "{A90810AD-6046-4657-865A-DC0BC4765453}"
	ProjectSection(ProjectDependencies) = postProject
		{3EC8BF9D-E9DF-4785-B61A-01969E3026BE} = {3EC8BF9D-E9DF-4785-B61A-01969E3026BE}
	EndProjectSection
EndProject
Project("{FAE04EC0-301F-11D3-BF4B-00C04F79EFBC}") = "ConsoleApplication2", "ConsoleApplication2\ConsoleApplication2.csproj", "{E264A5A4-CA86-4DA3-9DA9-5BAC28DE8DF4}"
EndProject
Global
	GlobalSection(SolutionConfigurationPlatforms) = preSolution
		Debug|Any CPU = Debug|Any CPU
		Release|Any CPU = Release|Any CPU
	EndGlobalSection
	GlobalSection(ProjectConfigurationPlatforms) = postSolution
		{B53B3D0D-6DC0-46D1-A4A7-52DE953B0A46}.Debug|Any CPU.ActiveCfg = Debug|Any CPU
		{B53B3D0D-6DC0-46D1-A4A7-52DE953B0A46}.Debug|Any CPU.Build.0 = Debug|Any CPU
		{B53B3D0D-6DC0-46D1-A4A7-52DE953B0A46}.Release|Any CPU.ActiveCfg = Release|Any CPU
		{B53B3D0D-6DC0-46D1-A4A7-52DE953B0A46}.Release|Any CPU.Build.0 = Release|Any CPU
		{56A72400-3AA4-452C-B11C-E38B69455CDC}.Debug|Any CPU.ActiveCfg = Debug|Any CPU
		{56A72400-3AA4-452C-B11C-E38B69455CDC}.Debug|Any CPU.Build.0 = Debug|Any CPU
		{56A72400-3AA4-452C-B11C-E38B69455CDC}.Release|Any CPU.ActiveCfg = Release|Any CPU
		{56A72400-3AA4-452C-B11C-E38B69455CDC}.Release|Any CPU.Build.0 = Release|Any CPU
		{6D72EDC5-68A2-4799-9409-23363B09FF6F}.Debug|Any CPU.ActiveCfg = Debug|Any CPU
		{6D72EDC5-68A2-4799-9409-23363B09FF6F}.Debug|Any CPU.Build.0 = Debug|Any CPU
		{6D72EDC5-68A2-4799-9409-23363B09FF6F}.Release|Any CPU.ActiveCfg = Release|Any CPU
		{6D72EDC5-68A2-4799-9409-23363B09FF6F}.Release|Any CPU.Build.0 = Release|Any CPU
		{3EC8BF9D-E9DF-4785-B61A-01969E3026BE}.Debug|Any CPU.ActiveCfg = Debug|Any CPU
		{3EC8BF9D-E9DF-4785-B61A-01969E3026BE}.Debug|Any CPU.Build.0 = Debug|Any CPU
		{3EC8BF9D-E9DF-4785-B61A-01969E3026BE}.Release|Any CPU.ActiveCfg = Release|Any CPU
		{3EC8BF9D-E9DF-4785-B61A-01969E3026BE}.Release|Any CPU.Build.0 = Release|Any CPU
		{F0BA728D-5314-4FF3-B6A6-6D04A4ED641D}.Debug|Any CPU.ActiveCfg = Debug|Any CPU
		{F0BA728D-5314-4FF3-B6A6-6D04A4ED641D}.Debug|Any CPU.Build.0 = Debug|Any CPU
		{F0BA728D-5314-4FF3-B6A6-6D04A4ED641D}.Release|Any CPU.ActiveCfg = Release|Any CPU
		{F0BA728D-5314-4FF3-B6A6-6D04A4ED641D}.Release|Any CPU.Build.0 = Release|Any CPU
		{C29255FF-AEB0-468E-9B1A-6905E2183AAB}.Debug|Any CPU.ActiveCfg = Debug|Any CPU
		{C29255FF-AEB0-468E-9B1A-6905E2183AAB}.Debug|Any CPU.Build.0 = Debug|Any CPU
		{C29255FF-AEB0-468E-9B1A-6905E2183AAB}.Release|Any CPU.ActiveCfg = Release|Any CPU
		{C29255FF-AEB0-468E-9B1A-6905E2183AAB}.Release|Any CPU.Build.0 = Release|Any CPU
		{4752F88D-DD6D-45D0-A172-91195EADEEFF}.Debug|Any CPU.ActiveCfg = Debug|Any CPU
		{4752F88D-DD6D-45D0-A172-91195EADEEFF}.Debug|Any CPU.Build.0 = Debug|Any CPU
		{4752F88D-DD6D-45D0-A172-91195EADEEFF}.Release|Any CPU.ActiveCfg = Release|Any CPU
		{4752F88D-DD6D-45D0-A172-91195EADEEFF}.Release|Any CPU.Build.0 = Release|Any CPU
		{DD6CB2BB-4CB0-44DE-9399-73B03415326E}.Debug|Any CPU.ActiveCfg = Debug|Any CPU
		{DD6CB2BB-4CB0-44DE-9399-73B03415326E}.Debug|Any CPU.Build.0 = Debug|Any CPU
		{DD6CB2BB-4CB0-44DE-9399-73B03415326E}.Release|Any CPU.ActiveCfg = Release|Any CPU
		{DD6CB2BB-4CB0-44DE-9399-73B03415326E}.Release|Any CPU.Build.0 = Release|Any CPU
		{A90810AD-6046-4657-865A-DC0BC4765453}.Debug|Any CPU.ActiveCfg = Debug|Any CPU
		{A90810AD-6046-4657-865A-DC0BC4765453}.Debug|Any CPU.Build.0 = Debug|Any CPU
		{A90810AD-6046-4657-865A-DC0BC4765453}.Release|Any CPU.ActiveCfg = Release|Any CPU
		{A90810AD-6046-4657-865A-DC0BC4765453}.Release|Any CPU.Build.0 = Release|Any CPU
		{E264A5A4-CA86-4DA3-9DA9-5BAC28DE8DF4}.Debug|Any CPU.ActiveCfg = Debug|Any CPU
		{E264A5A4-CA86-4DA3-9DA9-5BAC28DE8DF4}.Debug|Any CPU.Build.0 = Debug|Any CPU
		{E264A5A4-CA86-4DA3-9DA9-5BAC28DE8DF4}.Release|Any CPU.ActiveCfg = Release|Any CPU
		{E264A5A4-CA86-4DA3-9DA9-5BAC28DE8DF4}.Release|Any CPU.Build.0 = Release|Any CPU
	EndGlobalSection
	GlobalSection(SolutionProperties) = preSolution
		HideSolutionNode = FALSE
	EndGlobalSection
EndGlobal
